// !$*UTF8*$!
{
	archiveVersion = 1;
	classes = {
	};
	objectVersion = 55;
	objects = {

/* Begin PBXBuildFile section */
		C100A7FF27F7A1BA00059FE9 /* SplashViewModel.swift in Sources */ = {isa = PBXBuildFile; fileRef = C100A7FE27F7A1BA00059FE9 /* SplashViewModel.swift */; };
		C1063D1127F388830067D000 /* HabitPlusApp.swift in Sources */ = {isa = PBXBuildFile; fileRef = C1063D1027F388830067D000 /* HabitPlusApp.swift */; };
		C1063D1527F3889D0067D000 /* Assets.xcassets in Resources */ = {isa = PBXBuildFile; fileRef = C1063D1427F3889D0067D000 /* Assets.xcassets */; };
		C1063D1827F3889D0067D000 /* Preview Assets.xcassets in Resources */ = {isa = PBXBuildFile; fileRef = C1063D1727F3889D0067D000 /* Preview Assets.xcassets */; };
		C1063D2227F38AA60067D000 /* SplashView.swift in Sources */ = {isa = PBXBuildFile; fileRef = C1063D2127F38AA60067D000 /* SplashView.swift */; };
		C1063D2427F38C010067D000 /* SplashUIState.swift in Sources */ = {isa = PBXBuildFile; fileRef = C1063D2327F38C010067D000 /* SplashUIState.swift */; };
		C11A3CD027F916F5001E1833 /* SignInView.swift in Sources */ = {isa = PBXBuildFile; fileRef = C11A3CCF27F916F5001E1833 /* SignInView.swift */; };
		C11A3CD227F9182E001E1833 /* SignInViewModel.swift in Sources */ = {isa = PBXBuildFile; fileRef = C11A3CD127F9182E001E1833 /* SignInViewModel.swift */; };
		C11A3CD427F919A5001E1833 /* SplashViewRouter.swift in Sources */ = {isa = PBXBuildFile; fileRef = C11A3CD327F919A5001E1833 /* SplashViewRouter.swift */; };
/* End PBXBuildFile section */

/* Begin PBXFileReference section */
		C100A7FE27F7A1BA00059FE9 /* SplashViewModel.swift */ = {isa = PBXFileReference; lastKnownFileType = sourcecode.swift; path = SplashViewModel.swift; sourceTree = "<group>"; };
		C1063D0D27F388830067D000 /* HabitPlus.app */ = {isa = PBXFileReference; explicitFileType = wrapper.application; includeInIndex = 0; path = HabitPlus.app; sourceTree = BUILT_PRODUCTS_DIR; };
		C1063D1027F388830067D000 /* HabitPlusApp.swift */ = {isa = PBXFileReference; lastKnownFileType = sourcecode.swift; path = HabitPlusApp.swift; sourceTree = "<group>"; };
		C1063D1427F3889D0067D000 /* Assets.xcassets */ = {isa = PBXFileReference; lastKnownFileType = folder.assetcatalog; path = Assets.xcassets; sourceTree = "<group>"; };
		C1063D1727F3889D0067D000 /* Preview Assets.xcassets */ = {isa = PBXFileReference; lastKnownFileType = folder.assetcatalog; path = "Preview Assets.xcassets"; sourceTree = "<group>"; };
		C1063D2127F38AA60067D000 /* SplashView.swift */ = {isa = PBXFileReference; lastKnownFileType = sourcecode.swift; path = SplashView.swift; sourceTree = "<group>"; };
		C1063D2327F38C010067D000 /* SplashUIState.swift */ = {isa = PBXFileReference; lastKnownFileType = sourcecode.swift; path = SplashUIState.swift; sourceTree = "<group>"; };
		C11A3CCF27F916F5001E1833 /* SignInView.swift */ = {isa = PBXFileReference; lastKnownFileType = sourcecode.swift; path = SignInView.swift; sourceTree = "<group>"; };
		C11A3CD127F9182E001E1833 /* SignInViewModel.swift */ = {isa = PBXFileReference; lastKnownFileType = sourcecode.swift; path = SignInViewModel.swift; sourceTree = "<group>"; };
		C11A3CD327F919A5001E1833 /* SplashViewRouter.swift */ = {isa = PBXFileReference; lastKnownFileType = sourcecode.swift; path = SplashViewRouter.swift; sourceTree = "<group>"; };
/* End PBXFileReference section */

/* Begin PBXFrameworksBuildPhase section */
		C1063D0A27F388830067D000 /* Frameworks */ = {
			isa = PBXFrameworksBuildPhase;
			buildActionMask = 2147483647;
			files = (
			);
			runOnlyForDeploymentPostprocessing = 0;
		};
/* End PBXFrameworksBuildPhase section */

/* Begin PBXGroup section */
		C100A7FD27F7A15900059FE9 /* ViewModel */ = {
			isa = PBXGroup;
			children = (
				C100A7FE27F7A1BA00059FE9 /* SplashViewModel.swift */,
				C11A3CD327F919A5001E1833 /* SplashViewRouter.swift */,
			);
			path = ViewModel;
			sourceTree = "<group>";
		};
		C1063D0427F388820067D000 = {
			isa = PBXGroup;
			children = (
				C1063D0F27F388830067D000 /* HabitPlus */,
				C1063D0E27F388830067D000 /* Products */,
			);
			sourceTree = "<group>";
		};
		C1063D0E27F388830067D000 /* Products */ = {
			isa = PBXGroup;
			children = (
				C1063D0D27F388830067D000 /* HabitPlus.app */,
			);
			name = Products;
			sourceTree = "<group>";
		};
		C1063D0F27F388830067D000 /* HabitPlus */ = {
			isa = PBXGroup;
			children = (
				C11A3CCB27F9167B001E1833 /* SignIn */,
				C1063D1E27F389BB0067D000 /* Splash */,
				C1063D1027F388830067D000 /* HabitPlusApp.swift */,
				C1063D1427F3889D0067D000 /* Assets.xcassets */,
				C1063D1627F3889D0067D000 /* Preview Content */,
			);
			path = HabitPlus;
			sourceTree = "<group>";
		};
		C1063D1627F3889D0067D000 /* Preview Content */ = {
			isa = PBXGroup;
			children = (
				C1063D1727F3889D0067D000 /* Preview Assets.xcassets */,
			);
			path = "Preview Content";
			sourceTree = "<group>";
		};
		C1063D1E27F389BB0067D000 /* Splash */ = {
			isa = PBXGroup;
			children = (
				C100A7FD27F7A15900059FE9 /* ViewModel */,
				C1063D2027F38A240067D000 /* Model */,
				C1063D1F27F38A020067D000 /* View */,
			);
			path = Splash;
			sourceTree = "<group>";
		};
		C1063D1F27F38A020067D000 /* View */ = {
			isa = PBXGroup;
			children = (
				C1063D2127F38AA60067D000 /* SplashView.swift */,
			);
			path = View;
			sourceTree = "<group>";
		};
		C1063D2027F38A240067D000 /* Model */ = {
			isa = PBXGroup;
			children = (
				C1063D2327F38C010067D000 /* SplashUIState.swift */,
			);
			path = Model;
			sourceTree = "<group>";
		};
		C11A3CCB27F9167B001E1833 /* SignIn */ = {
			isa = PBXGroup;
			children = (
				C11A3CCE27F9169C001E1833 /* View */,
				C11A3CCD27F91694001E1833 /* Model */,
				C11A3CCC27F9168D001E1833 /* ViewModel */,
			);
			path = SignIn;
			sourceTree = "<group>";
		};
		C11A3CCC27F9168D001E1833 /* ViewModel */ = {
			isa = PBXGroup;
			children = (
				C11A3CD127F9182E001E1833 /* SignInViewModel.swift */,
			);
			path = ViewModel;
			sourceTree = "<group>";
		};
		C11A3CCD27F91694001E1833 /* Model */ = {
			isa = PBXGroup;
			children = (
			);
			path = Model;
			sourceTree = "<group>";
		};
		C11A3CCE27F9169C001E1833 /* View */ = {
			isa = PBXGroup;
			children = (
				C11A3CCF27F916F5001E1833 /* SignInView.swift */,
			);
			path = View;
			sourceTree = "<group>";
		};
/* End PBXGroup section */

/* Begin PBXNativeTarget section */
		C1063D0C27F388830067D000 /* HabitPlus */ = {
			isa = PBXNativeTarget;
			buildConfigurationList = C1063D1B27F3889D0067D000 /* Build configuration list for PBXNativeTarget "HabitPlus" */;
			buildPhases = (
				C1063D0927F388830067D000 /* Sources */,
				C1063D0A27F388830067D000 /* Frameworks */,
				C1063D0B27F388830067D000 /* Resources */,
			);
			buildRules = (
			);
			dependencies = (
			);
			name = HabitPlus;
			productName = HabitPlus;
			productReference = C1063D0D27F388830067D000 /* HabitPlus.app */;
			productType = "com.apple.product-type.application";
		};
/* End PBXNativeTarget section */

/* Begin PBXProject section */
		C1063D0527F388820067D000 /* Project object */ = {
			isa = PBXProject;
			attributes = {
				BuildIndependentTargetsInParallel = 1;
				LastSwiftUpdateCheck = 1330;
				LastUpgradeCheck = 1330;
				TargetAttributes = {
					C1063D0C27F388830067D000 = {
						CreatedOnToolsVersion = 13.3;
					};
				};
			};
			buildConfigurationList = C1063D0827F388820067D000 /* Build configuration list for PBXProject "HabitPlus" */;
			compatibilityVersion = "Xcode 13.0";
			developmentRegion = en;
			hasScannedForEncodings = 0;
			knownRegions = (
				en,
				Base,
			);
			mainGroup = C1063D0427F388820067D000;
			productRefGroup = C1063D0E27F388830067D000 /* Products */;
			projectDirPath = "";
			projectRoot = "";
			targets = (
				C1063D0C27F388830067D000 /* HabitPlus */,
			);
		};
/* End PBXProject section */

/* Begin PBXResourcesBuildPhase section */
		C1063D0B27F388830067D000 /* Resources */ = {
			isa = PBXResourcesBuildPhase;
			buildActionMask = 2147483647;
			files = (
				C1063D1827F3889D0067D000 /* Preview Assets.xcassets in Resources */,
				C1063D1527F3889D0067D000 /* Assets.xcassets in Resources */,
			);
			runOnlyForDeploymentPostprocessing = 0;
		};
/* End PBXResourcesBuildPhase section */

/* Begin PBXSourcesBuildPhase section */
		C1063D0927F388830067D000 /* Sources */ = {
			isa = PBXSourcesBuildPhase;
			buildActionMask = 2147483647;
			files = (
				C1063D2427F38C010067D000 /* SplashUIState.swift in Sources */,
				C1063D1127F388830067D000 /* HabitPlusApp.swift in Sources */,
				C11A3CD227F9182E001E1833 /* SignInViewModel.swift in Sources */,
				C1063D2227F38AA60067D000 /* SplashView.swift in Sources */,
				C100A7FF27F7A1BA00059FE9 /* SplashViewModel.swift in Sources */,
				C11A3CD427F919A5001E1833 /* SplashViewRouter.swift in Sources */,
				C11A3CD027F916F5001E1833 /* SignInView.swift in Sources */,
			);
			runOnlyForDeploymentPostprocessing = 0;
		};
/* End PBXSourcesBuildPhase section */

/* Begin XCBuildConfiguration section */
		C1063D1927F3889D0067D000 /* Debug */ = {
			isa = XCBuildConfiguration;
			buildSettings = {
				ALWAYS_SEARCH_USER_PATHS = NO;
				CLANG_ANALYZER_NONNULL = YES;
				CLANG_ANALYZER_NUMBER_OBJECT_CONVERSION = YES_AGGRESSIVE;
				CLANG_CXX_LANGUAGE_STANDARD = "gnu++17";
				CLANG_ENABLE_MODULES = YES;
				CLANG_ENABLE_OBJC_ARC = YES;
				CLANG_ENABLE_OBJC_WEAK = YES;
				CLANG_WARN_BLOCK_CAPTURE_AUTORELEASING = YES;
				CLANG_WARN_BOOL_CONVERSION = YES;
				CLANG_WARN_COMMA = YES;
				CLANG_WARN_CONSTANT_CONVERSION = YES;
				CLANG_WARN_DEPRECATED_OBJC_IMPLEMENTATIONS = YES;
				CLANG_WARN_DIRECT_OBJC_ISA_USAGE = YES_ERROR;
				CLANG_WARN_DOCUMENTATION_COMMENTS = YES;
				CLANG_WARN_EMPTY_BODY = YES;
				CLANG_WARN_ENUM_CONVERSION = YES;
				CLANG_WARN_INFINITE_RECURSION = YES;
				CLANG_WARN_INT_CONVERSION = YES;
				CLANG_WARN_NON_LITERAL_NULL_CONVERSION = YES;
				CLANG_WARN_OBJC_IMPLICIT_RETAIN_SELF = YES;
				CLANG_WARN_OBJC_LITERAL_CONVERSION = YES;
				CLANG_WARN_OBJC_ROOT_CLASS = YES_ERROR;
				CLANG_WARN_QUOTED_INCLUDE_IN_FRAMEWORK_HEADER = YES;
				CLANG_WARN_RANGE_LOOP_ANALYSIS = YES;
				CLANG_WARN_STRICT_PROTOTYPES = YES;
				CLANG_WARN_SUSPICIOUS_MOVE = YES;
				CLANG_WARN_UNGUARDED_AVAILABILITY = YES_AGGRESSIVE;
				CLANG_WARN_UNREACHABLE_CODE = YES;
				CLANG_WARN__DUPLICATE_METHOD_MATCH = YES;
				COPY_PHASE_STRIP = NO;
				DEBUG_INFORMATION_FORMAT = dwarf;
				ENABLE_STRICT_OBJC_MSGSEND = YES;
				ENABLE_TESTABILITY = YES;
				GCC_C_LANGUAGE_STANDARD = gnu11;
				GCC_DYNAMIC_NO_PIC = NO;
				GCC_NO_COMMON_BLOCKS = YES;
				GCC_OPTIMIZATION_LEVEL = 0;
				GCC_PREPROCESSOR_DEFINITIONS = (
					"DEBUG=1",
					"$(inherited)",
				);
				GCC_WARN_64_TO_32_BIT_CONVERSION = YES;
				GCC_WARN_ABOUT_RETURN_TYPE = YES_ERROR;
				GCC_WARN_UNDECLARED_SELECTOR = YES;
				GCC_WARN_UNINITIALIZED_AUTOS = YES_AGGRESSIVE;
				GCC_WARN_UNUSED_FUNCTION = YES;
				GCC_WARN_UNUSED_VARIABLE = YES;
				IPHONEOS_DEPLOYMENT_TARGET = 15.4;
				MTL_ENABLE_DEBUG_INFO = INCLUDE_SOURCE;
				MTL_FAST_MATH = YES;
				ONLY_ACTIVE_ARCH = YES;
				SDKROOT = iphoneos;
				SWIFT_ACTIVE_COMPILATION_CONDITIONS = DEBUG;
				SWIFT_OPTIMIZATION_LEVEL = "-Onone";
			};
			name = Debug;
		};
		C1063D1A27F3889D0067D000 /* Release */ = {
			isa = XCBuildConfiguration;
			buildSettings = {
				ALWAYS_SEARCH_USER_PATHS = NO;
				CLANG_ANALYZER_NONNULL = YES;
				CLANG_ANALYZER_NUMBER_OBJECT_CONVERSION = YES_AGGRESSIVE;
				CLANG_CXX_LANGUAGE_STANDARD = "gnu++17";
				CLANG_ENABLE_MODULES = YES;
				CLANG_ENABLE_OBJC_ARC = YES;
				CLANG_ENABLE_OBJC_WEAK = YES;
				CLANG_WARN_BLOCK_CAPTURE_AUTORELEASING = YES;
				CLANG_WARN_BOOL_CONVERSION = YES;
				CLANG_WARN_COMMA = YES;
				CLANG_WARN_CONSTANT_CONVERSION = YES;
				CLANG_WARN_DEPRECATED_OBJC_IMPLEMENTATIONS = YES;
				CLANG_WARN_DIRECT_OBJC_ISA_USAGE = YES_ERROR;
				CLANG_WARN_DOCUMENTATION_COMMENTS = YES;
				CLANG_WARN_EMPTY_BODY = YES;
				CLANG_WARN_ENUM_CONVERSION = YES;
				CLANG_WARN_INFINITE_RECURSION = YES;
				CLANG_WARN_INT_CONVERSION = YES;
				CLANG_WARN_NON_LITERAL_NULL_CONVERSION = YES;
				CLANG_WARN_OBJC_IMPLICIT_RETAIN_SELF = YES;
				CLANG_WARN_OBJC_LITERAL_CONVERSION = YES;
				CLANG_WARN_OBJC_ROOT_CLASS = YES_ERROR;
				CLANG_WARN_QUOTED_INCLUDE_IN_FRAMEWORK_HEADER = YES;
				CLANG_WARN_RANGE_LOOP_ANALYSIS = YES;
				CLANG_WARN_STRICT_PROTOTYPES = YES;
				CLANG_WARN_SUSPICIOUS_MOVE = YES;
				CLANG_WARN_UNGUARDED_AVAILABILITY = YES_AGGRESSIVE;
				CLANG_WARN_UNREACHABLE_CODE = YES;
				CLANG_WARN__DUPLICATE_METHOD_MATCH = YES;
				COPY_PHASE_STRIP = NO;
				DEBUG_INFORMATION_FORMAT = "dwarf-with-dsym";
				ENABLE_NS_ASSERTIONS = NO;
				ENABLE_STRICT_OBJC_MSGSEND = YES;
				GCC_C_LANGUAGE_STANDARD = gnu11;
				GCC_NO_COMMON_BLOCKS = YES;
				GCC_WARN_64_TO_32_BIT_CONVERSION = YES;
				GCC_WARN_ABOUT_RETURN_TYPE = YES_ERROR;
				GCC_WARN_UNDECLARED_SELECTOR = YES;
				GCC_WARN_UNINITIALIZED_AUTOS = YES_AGGRESSIVE;
				GCC_WARN_UNUSED_FUNCTION = YES;
				GCC_WARN_UNUSED_VARIABLE = YES;
				IPHONEOS_DEPLOYMENT_TARGET = 15.4;
				MTL_ENABLE_DEBUG_INFO = NO;
				MTL_FAST_MATH = YES;
				SDKROOT = iphoneos;
				SWIFT_COMPILATION_MODE = wholemodule;
				SWIFT_OPTIMIZATION_LEVEL = "-O";
				VALIDATE_PRODUCT = YES;
			};
			name = Release;
		};
		C1063D1C27F3889D0067D000 /* Debug */ = {
			isa = XCBuildConfiguration;
			buildSettings = {
				ASSETCATALOG_COMPILER_APPICON_NAME = AppIcon;
				ASSETCATALOG_COMPILER_GLOBAL_ACCENT_COLOR_NAME = AccentColor;
				CODE_SIGN_STYLE = Automatic;
				CURRENT_PROJECT_VERSION = 1;
				DEVELOPMENT_ASSET_PATHS = "\"HabitPlus/Preview Content\"";
				ENABLE_PREVIEWS = YES;
				GENERATE_INFOPLIST_FILE = YES;
				INFOPLIST_KEY_UIApplicationSceneManifest_Generation = YES;
				INFOPLIST_KEY_UIApplicationSupportsIndirectInputEvents = YES;
				INFOPLIST_KEY_UILaunchScreen_Generation = YES;
				INFOPLIST_KEY_UISupportedInterfaceOrientations_iPad = "UIInterfaceOrientationPortrait UIInterfaceOrientationPortraitUpsideDown UIInterfaceOrientationLandscapeLeft UIInterfaceOrientationLandscapeRight";
				INFOPLIST_KEY_UISupportedInterfaceOrientations_iPhone = "UIInterfaceOrientationPortrait UIInterfaceOrientationLandscapeLeft UIInterfaceOrientationLandscapeRight";
				LD_RUNPATH_SEARCH_PATHS = (
					"$(inherited)",
					"@executable_path/Frameworks",
				);
				MARKETING_VERSION = 1.0;
				PRODUCT_BUNDLE_IDENTIFIER = com.deny.HabitPlus;
				PRODUCT_NAME = "$(TARGET_NAME)";
				SWIFT_EMIT_LOC_STRINGS = YES;
				SWIFT_VERSION = 5.0;
				TARGETED_DEVICE_FAMILY = "1,2";
			};
			name = Debug;
		};
		C1063D1D27F3889D0067D000 /* Release */ = {
			isa = XCBuildConfiguration;
			buildSettings = {
				ASSETCATALOG_COMPILER_APPICON_NAME = AppIcon;
				ASSETCATALOG_COMPILER_GLOBAL_ACCENT_COLOR_NAME = AccentColor;
				CODE_SIGN_STYLE = Automatic;
				CURRENT_PROJECT_VERSION = 1;
				DEVELOPMENT_ASSET_PATHS = "\"HabitPlus/Preview Content\"";
				ENABLE_PREVIEWS = YES;
				GENERATE_INFOPLIST_FILE = YES;
				INFOPLIST_KEY_UIApplicationSceneManifest_Generation = YES;
				INFOPLIST_KEY_UIApplicationSupportsIndirectInputEvents = YES;
				INFOPLIST_KEY_UILaunchScreen_Generation = YES;
				INFOPLIST_KEY_UISupportedInterfaceOrientations_iPad = "UIInterfaceOrientationPortrait UIInterfaceOrientationPortraitUpsideDown UIInterfaceOrientationLandscapeLeft UIInterfaceOrientationLandscapeRight";
				INFOPLIST_KEY_UISupportedInterfaceOrientations_iPhone = "UIInterfaceOrientationPortrait UIInterfaceOrientationLandscapeLeft UIInterfaceOrientationLandscapeRight";
				LD_RUNPATH_SEARCH_PATHS = (
					"$(inherited)",
					"@executable_path/Frameworks",
				);
				MARKETING_VERSION = 1.0;
				PRODUCT_BUNDLE_IDENTIFIER = com.deny.HabitPlus;
				PRODUCT_NAME = "$(TARGET_NAME)";
				SWIFT_EMIT_LOC_STRINGS = YES;
				SWIFT_VERSION = 5.0;
				TARGETED_DEVICE_FAMILY = "1,2";
			};
			name = Release;
		};
/* End XCBuildConfiguration section */

/* Begin XCConfigurationList section */
		C1063D0827F388820067D000 /* Build configuration list for PBXProject "HabitPlus" */ = {
			isa = XCConfigurationList;
			buildConfigurations = (
				C1063D1927F3889D0067D000 /* Debug */,
				C1063D1A27F3889D0067D000 /* Release */,
			);
			defaultConfigurationIsVisible = 0;
			defaultConfigurationName = Release;
		};
		C1063D1B27F3889D0067D000 /* Build configuration list for PBXNativeTarget "HabitPlus" */ = {
			isa = XCConfigurationList;
			buildConfigurations = (
				C1063D1C27F3889D0067D000 /* Debug */,
				C1063D1D27F3889D0067D000 /* Release */,
			);
			defaultConfigurationIsVisible = 0;
			defaultConfigurationName = Release;
		};
/* End XCConfigurationList section */
	};
	rootObject = C1063D0527F388820067D000 /* Project object */;
}
